
Microsoft Visual Studio Solution File, Format Version 12.00
# Visual Studio 15
VisualStudioVersion = 15.0.28010.2046
MinimumVisualStudioVersion = 10.0.40219.1
Project("{FAE04EC0-301F-11D3-BF4B-00C04F79EFBC}") = "EntityPlugin", "EntityPlugin\EntityPlugin.csproj", "{DF7F797E-DB7E-44F9-A96A-020CFDB3C51E}"
EndProject
Project("{FAE04EC0-301F-11D3-BF4B-00C04F79EFBC}") = "VariablesAddon", "ScalarAddon\VariablesAddon.csproj", "{8C13462B-8B43-40A3-B4C1-EA351AE9F1C4}"
EndProject
Project("{FAE04EC0-301F-11D3-BF4B-00C04F79EFBC}") = "VariablesTest2", "VariablesTest2\VariablesTest2.csproj", "{3502511C-8848-412C-9EC4-75AC9AA1CA51}"
EndProject
Project("{FAE04EC0-301F-11D3-BF4B-00C04F79EFBC}") = "ClassPatcher", "..\QuesterAssistant\ClassPatcher\ClassPatcher.csproj", "{FEF2EAC5-BC55-42B6-B62A-DD61922661D5}"
EndProject
Project("{FAE04EC0-301F-11D3-BF4B-00C04F79EFBC}") = "VariablesTest", "VariablesTest\VariablesTest.csproj", "{406D2398-5FC7-41F3-B5B4-07E0AC273C69}"
EndProject
Global
	GlobalSection(SolutionConfigurationPlatforms) = preSolution
		Debug|Any CPU = Debug|Any CPU
		Debug|x64 = Debug|x64
		Debug|x86 = Debug|x86
		Release|Any CPU = Release|Any CPU
		Release|x64 = Release|x64
		Release|x86 = Release|x86
	EndGlobalSection
	GlobalSection(ProjectConfigurationPlatforms) = postSolution
		{DF7F797E-DB7E-44F9-A96A-020CFDB3C51E}.Debug|Any CPU.ActiveCfg = Debug|Any CPU
		{DF7F797E-DB7E-44F9-A96A-020CFDB3C51E}.Debug|Any CPU.Build.0 = Debug|Any CPU
		{DF7F797E-DB7E-44F9-A96A-020CFDB3C51E}.Debug|x64.ActiveCfg = Debug|x64
		{DF7F797E-DB7E-44F9-A96A-020CFDB3C51E}.Debug|x64.Build.0 = Debug|x64
		{DF7F797E-DB7E-44F9-A96A-020CFDB3C51E}.Debug|x86.ActiveCfg = Debug|Any CPU
		{DF7F797E-DB7E-44F9-A96A-020CFDB3C51E}.Debug|x86.Build.0 = Debug|Any CPU
		{DF7F797E-DB7E-44F9-A96A-020CFDB3C51E}.Release|Any CPU.ActiveCfg = Release|Any CPU
		{DF7F797E-DB7E-44F9-A96A-020CFDB3C51E}.Release|Any CPU.Build.0 = Release|Any CPU
		{DF7F797E-DB7E-44F9-A96A-020CFDB3C51E}.Release|x64.ActiveCfg = Release|x64
		{DF7F797E-DB7E-44F9-A96A-020CFDB3C51E}.Release|x64.Build.0 = Release|x64
		{DF7F797E-DB7E-44F9-A96A-020CFDB3C51E}.Release|x86.ActiveCfg = Release|Any CPU
		{DF7F797E-DB7E-44F9-A96A-020CFDB3C51E}.Release|x86.Build.0 = Release|Any CPU
		{8C13462B-8B43-40A3-B4C1-EA351AE9F1C4}.Debug|Any CPU.ActiveCfg = Debug|Any CPU
		{8C13462B-8B43-40A3-B4C1-EA351AE9F1C4}.Debug|Any CPU.Build.0 = Debug|Any CPU
		{8C13462B-8B43-40A3-B4C1-EA351AE9F1C4}.Debug|x64.ActiveCfg = Debug|x64
		{8C13462B-8B43-40A3-B4C1-EA351AE9F1C4}.Debug|x64.Build.0 = Debug|x64
		{8C13462B-8B43-40A3-B4C1-EA351AE9F1C4}.Debug|x86.ActiveCfg = Debug|x86
		{8C13462B-8B43-40A3-B4C1-EA351AE9F1C4}.Debug|x86.Build.0 = Debug|x86
		{8C13462B-8B43-40A3-B4C1-EA351AE9F1C4}.Release|Any CPU.ActiveCfg = Release|Any CPU
		{8C13462B-8B43-40A3-B4C1-EA351AE9F1C4}.Release|Any CPU.Build.0 = Release|Any CPU
		{8C13462B-8B43-40A3-B4C1-EA351AE9F1C4}.Release|x64.ActiveCfg = Release|x64
		{8C13462B-8B43-40A3-B4C1-EA351AE9F1C4}.Release|x64.Build.0 = Release|x64
		{8C13462B-8B43-40A3-B4C1-EA351AE9F1C4}.Release|x86.ActiveCfg = Release|x86
		{8C13462B-8B43-40A3-B4C1-EA351AE9F1C4}.Release|x86.Build.0 = Release|x86
		{3502511C-8848-412C-9EC4-75AC9AA1CA51}.Debug|Any CPU.ActiveCfg = Debug|Any CPU
		{3502511C-8848-412C-9EC4-75AC9AA1CA51}.Debug|Any CPU.Build.0 = Debug|Any CPU
		{3502511C-8848-412C-9EC4-75AC9AA1CA51}.Debug|x64.ActiveCfg = Debug|x64
		{3502511C-8848-412C-9EC4-75AC9AA1CA51}.Debug|x64.Build.0 = Debug|x64
		{3502511C-8848-412C-9EC4-75AC9AA1CA51}.Debug|x86.ActiveCfg = Debug|Any CPU
		{3502511C-8848-412C-9EC4-75AC9AA1CA51}.Debug|x86.Build.0 = Debug|Any CPU
		{3502511C-8848-412C-9EC4-75AC9AA1CA51}.Release|Any CPU.ActiveCfg = Release|Any CPU
		{3502511C-8848-412C-9EC4-75AC9AA1CA51}.Release|Any CPU.Build.0 = Release|Any CPU
		{3502511C-8848-412C-9EC4-75AC9AA1CA51}.Release|x64.ActiveCfg = Release|x64
		{3502511C-8848-412C-9EC4-75AC9AA1CA51}.Release|x64.Build.0 = Release|x64
		{3502511C-8848-412C-9EC4-75AC9AA1CA51}.Release|x86.ActiveCfg = Release|Any CPU
		{3502511C-8848-412C-9EC4-75AC9AA1CA51}.Release|x86.Build.0 = Release|Any CPU
		{FEF2EAC5-BC55-42B6-B62A-DD61922661D5}.Debug|Any CPU.ActiveCfg = Debug|Any CPU
		{FEF2EAC5-BC55-42B6-B62A-DD61922661D5}.Debug|Any CPU.Build.0 = Debug|Any CPU
		{FEF2EAC5-BC55-42B6-B62A-DD61922661D5}.Debug|x64.ActiveCfg = Debug|x64
		{FEF2EAC5-BC55-42B6-B62A-DD61922661D5}.Debug|x64.Build.0 = Debug|x64
		{FEF2EAC5-BC55-42B6-B62A-DD61922661D5}.Debug|x86.ActiveCfg = Debug|Any CPU
		{FEF2EAC5-BC55-42B6-B62A-DD61922661D5}.Debug|x86.Build.0 = Debug|Any CPU
		{FEF2EAC5-BC55-42B6-B62A-DD61922661D5}.Release|Any CPU.ActiveCfg = Release|Any CPU
		{FEF2EAC5-BC55-42B6-B62A-DD61922661D5}.Release|Any CPU.Build.0 = Release|Any CPU
		{FEF2EAC5-BC55-42B6-B62A-DD61922661D5}.Release|x64.ActiveCfg = Release|x64
		{FEF2EAC5-BC55-42B6-B62A-DD61922661D5}.Release|x64.Build.0 = Release|x64
		{FEF2EAC5-BC55-42B6-B62A-DD61922661D5}.Release|x86.ActiveCfg = Release|Any CPU
		{FEF2EAC5-BC55-42B6-B62A-DD61922661D5}.Release|x86.Build.0 = Release|Any CPU
		{406D2398-5FC7-41F3-B5B4-07E0AC273C69}.Debug|Any CPU.ActiveCfg = Debug|Any CPU
		{406D2398-5FC7-41F3-B5B4-07E0AC273C69}.Debug|Any CPU.Build.0 = Debug|Any CPU
		{406D2398-5FC7-41F3-B5B4-07E0AC273C69}.Debug|x64.ActiveCfg = Debug|Any CPU
		{406D2398-5FC7-41F3-B5B4-07E0AC273C69}.Debug|x64.Build.0 = Debug|Any CPU
		{406D2398-5FC7-41F3-B5B4-07E0AC273C69}.Debug|x86.ActiveCfg = Debug|Any CPU
		{406D2398-5FC7-41F3-B5B4-07E0AC273C69}.Debug|x86.Build.0 = Debug|Any CPU
		{406D2398-5FC7-41F3-B5B4-07E0AC273C69}.Release|Any CPU.ActiveCfg = Release|Any CPU
		{406D2398-5FC7-41F3-B5B4-07E0AC273C69}.Release|Any CPU.Build.0 = Release|Any CPU
		{406D2398-5FC7-41F3-B5B4-07E0AC273C69}.Release|x64.ActiveCfg = Release|Any CPU
		{406D2398-5FC7-41F3-B5B4-07E0AC273C69}.Release|x64.Build.0 = Release|Any CPU
		{406D2398-5FC7-41F3-B5B4-07E0AC273C69}.Release|x86.ActiveCfg = Release|Any CPU
		{406D2398-5FC7-41F3-B5B4-07E0AC273C69}.Release|x86.Build.0 = Release|Any CPU
	EndGlobalSection
	GlobalSection(SolutionProperties) = preSolution
		HideSolutionNode = FALSE
	EndGlobalSection
	GlobalSection(ExtensibilityGlobals) = postSolution
		SolutionGuid = {390F9F67-D5D8-480F-92F1-BC844646E658}
	EndGlobalSection
EndGlobal
